// !$*UTF8*$!
{
	archiveVersion = 1;
	classes = {
	};
	objectVersion = 46;
	objects = {

/* Begin PBXBuildFile section */
		AEB3C5F37534F8CC2E34671F /* Pods_frank_ios.framework in Frameworks */ = {isa = PBXBuildFile; fileRef = D648537A847DFDCF853FF9CA /* Pods_frank_ios.framework */; };
		CC08D91C1DEFA7C500681E9D /* AddContactsTableViewCell.swift in Sources */ = {isa = PBXBuildFile; fileRef = CC08D91A1DEFA7C500681E9D /* AddContactsTableViewCell.swift */; };
		CC08D91D1DEFA7C500681E9D /* AddContactsTableViewCell.xib in Resources */ = {isa = PBXBuildFile; fileRef = CC08D91B1DEFA7C500681E9D /* AddContactsTableViewCell.xib */; };
		CC08D9211DF0E6A200681E9D /* FriendRequest.swift in Sources */ = {isa = PBXBuildFile; fileRef = CC08D9201DF0E6A200681E9D /* FriendRequest.swift */; };
		CC08D9231DF2297A00681E9D /* FriendRequestService.swift in Sources */ = {isa = PBXBuildFile; fileRef = CC08D9221DF2297A00681E9D /* FriendRequestService.swift */; };
		CC08D9251DF24F8000681E9D /* Utilities.swift in Sources */ = {isa = PBXBuildFile; fileRef = CC08D9241DF24F8000681E9D /* Utilities.swift */; };
		CC0EF6851E00AD030034DA8F /* CreateFeelingController.swift in Sources */ = {isa = PBXBuildFile; fileRef = CC0EF6841E00AD030034DA8F /* CreateFeelingController.swift */; };
		CC0EF6891E00B4450034DA8F /* Inspectables.swift in Sources */ = {isa = PBXBuildFile; fileRef = CC0EF6881E00B4450034DA8F /* Inspectables.swift */; };
		CC3765481DDBFEF7006FA371 /* LoginController.swift in Sources */ = {isa = PBXBuildFile; fileRef = CC3765471DDBFEF7006FA371 /* LoginController.swift */; };
		CC37654A1DDC0C46006FA371 /* PhoneVerificationController.swift in Sources */ = {isa = PBXBuildFile; fileRef = CC3765491DDC0C46006FA371 /* PhoneVerificationController.swift */; };
		CC6DF32C1DF71E0400534018 /* SettingsController.swift in Sources */ = {isa = PBXBuildFile; fileRef = CC6DF32B1DF71E0400534018 /* SettingsController.swift */; };
		CC6DF3301DF75FD400534018 /* AddedMeTableViewCell.swift in Sources */ = {isa = PBXBuildFile; fileRef = CC6DF32E1DF75FD400534018 /* AddedMeTableViewCell.swift */; };
		CC6DF3311DF75FD400534018 /* AddedMeTableViewCell.xib in Resources */ = {isa = PBXBuildFile; fileRef = CC6DF32F1DF75FD400534018 /* AddedMeTableViewCell.xib */; };
		CC6DF3331DF7685B00534018 /* AddedMeController.swift in Sources */ = {isa = PBXBuildFile; fileRef = CC6DF3321DF7685B00534018 /* AddedMeController.swift */; };
		CC6DF3371DF8C45900534018 /* FriendService.swift in Sources */ = {isa = PBXBuildFile; fileRef = CC6DF3361DF8C45900534018 /* FriendService.swift */; };
		CC6DF3391DF8FC2700534018 /* Feeling.swift in Sources */ = {isa = PBXBuildFile; fileRef = CC6DF3381DF8FC2700534018 /* Feeling.swift */; };
		CC6DF33B1DF8FD9300534018 /* FeelingService.swift in Sources */ = {isa = PBXBuildFile; fileRef = CC6DF33A1DF8FD9300534018 /* FeelingService.swift */; };
		CC6DF33D1DF9010D00534018 /* MyFriendsController.swift in Sources */ = {isa = PBXBuildFile; fileRef = CC6DF33C1DF9010D00534018 /* MyFriendsController.swift */; };
		CCB035B51DDD3CE6008F5119 /* FeelingsController.swift in Sources */ = {isa = PBXBuildFile; fileRef = CCB035B41DDD3CE6008F5119 /* FeelingsController.swift */; };
		CCB035B81DDE3F84008F5119 /* User.swift in Sources */ = {isa = PBXBuildFile; fileRef = CCB035B71DDE3F84008F5119 /* User.swift */; };
		CCB035BC1DDF7850008F5119 /* UserService.swift in Sources */ = {isa = PBXBuildFile; fileRef = CCB035BB1DDF7850008F5119 /* UserService.swift */; };
		CCB035BF1DDF7991008F5119 /* Constants.swift in Sources */ = {isa = PBXBuildFile; fileRef = CCB035BE1DDF7991008F5119 /* Constants.swift */; };
		CCBFB5C91E03B90A00E53CD2 /* FeelingCardView.swift in Sources */ = {isa = PBXBuildFile; fileRef = CCBFB5C81E03B90A00E53CD2 /* FeelingCardView.swift */; };
		CCBFB5CF1E03BA0600E53CD2 /* FeelingCardView.xib in Resources */ = {isa = PBXBuildFile; fileRef = CCBFB5CE1E03BA0600E53CD2 /* FeelingCardView.xib */; };
		CCBFB5D11E03C13700E53CD2 /* UIImageViewExtension.swift in Sources */ = {isa = PBXBuildFile; fileRef = CCBFB5D01E03C13700E53CD2 /* UIImageViewExtension.swift */; };
		CCC6E1A41D7A388B001890B8 /* AppDelegate.swift in Sources */ = {isa = PBXBuildFile; fileRef = CCC6E1A31D7A388B001890B8 /* AppDelegate.swift */; };
		CCC6E1A91D7A388B001890B8 /* Main.storyboard in Resources */ = {isa = PBXBuildFile; fileRef = CCC6E1A71D7A388B001890B8 /* Main.storyboard */; };
		CCC6E1AB1D7A388B001890B8 /* Assets.xcassets in Resources */ = {isa = PBXBuildFile; fileRef = CCC6E1AA1D7A388B001890B8 /* Assets.xcassets */; };
		CCC6E1AE1D7A388B001890B8 /* LaunchScreen.storyboard in Resources */ = {isa = PBXBuildFile; fileRef = CCC6E1AC1D7A388B001890B8 /* LaunchScreen.storyboard */; };
		CCCADB3F1E034766006F534F /* StringExtension.swift in Sources */ = {isa = PBXBuildFile; fileRef = CCCADB3E1E034766006F534F /* StringExtension.swift */; };
		CCCADB411E03476F006F534F /* DictionaryExtension.swift in Sources */ = {isa = PBXBuildFile; fileRef = CCCADB401E03476F006F534F /* DictionaryExtension.swift */; };
		CCD851A91DECF08600B810CC /* AddContactsController.swift in Sources */ = {isa = PBXBuildFile; fileRef = CCD851A81DECF08600B810CC /* AddContactsController.swift */; };
		CCF85D8B1DEF7E90000CDC9D /* TermsAndServicesController.swift in Sources */ = {isa = PBXBuildFile; fileRef = CCF85D8A1DEF7E90000CDC9D /* TermsAndServicesController.swift */; };
/* End PBXBuildFile section */

/* Begin PBXFileReference section */
		059B86BEBB779060445D6DBE /* Pods-frank-ios.release.xcconfig */ = {isa = PBXFileReference; includeInIndex = 1; lastKnownFileType = text.xcconfig; name = "Pods-frank-ios.release.xcconfig"; path = "Pods/Target Support Files/Pods-frank-ios/Pods-frank-ios.release.xcconfig"; sourceTree = "<group>"; };
		CC08D91A1DEFA7C500681E9D /* AddContactsTableViewCell.swift */ = {isa = PBXFileReference; fileEncoding = 4; lastKnownFileType = sourcecode.swift; path = AddContactsTableViewCell.swift; sourceTree = "<group>"; };
		CC08D91B1DEFA7C500681E9D /* AddContactsTableViewCell.xib */ = {isa = PBXFileReference; fileEncoding = 4; lastKnownFileType = file.xib; path = AddContactsTableViewCell.xib; sourceTree = "<group>"; };
		CC08D9201DF0E6A200681E9D /* FriendRequest.swift */ = {isa = PBXFileReference; fileEncoding = 4; lastKnownFileType = sourcecode.swift; path = FriendRequest.swift; sourceTree = "<group>"; };
		CC08D9221DF2297A00681E9D /* FriendRequestService.swift */ = {isa = PBXFileReference; fileEncoding = 4; lastKnownFileType = sourcecode.swift; path = FriendRequestService.swift; sourceTree = "<group>"; };
		CC08D9241DF24F8000681E9D /* Utilities.swift */ = {isa = PBXFileReference; fileEncoding = 4; lastKnownFileType = sourcecode.swift; path = Utilities.swift; sourceTree = "<group>"; };
		CC0EF6841E00AD030034DA8F /* CreateFeelingController.swift */ = {isa = PBXFileReference; fileEncoding = 4; lastKnownFileType = sourcecode.swift; path = CreateFeelingController.swift; sourceTree = "<group>"; };
		CC0EF6881E00B4450034DA8F /* Inspectables.swift */ = {isa = PBXFileReference; fileEncoding = 4; lastKnownFileType = sourcecode.swift; path = Inspectables.swift; sourceTree = "<group>"; };
		CC239DCB1DC93C0000C29DAC /* Bridging-Header.h */ = {isa = PBXFileReference; lastKnownFileType = sourcecode.c.h; path = "Bridging-Header.h"; sourceTree = "<group>"; };
		CC3765471DDBFEF7006FA371 /* LoginController.swift */ = {isa = PBXFileReference; fileEncoding = 4; lastKnownFileType = sourcecode.swift; path = LoginController.swift; sourceTree = "<group>"; };
		CC3765491DDC0C46006FA371 /* PhoneVerificationController.swift */ = {isa = PBXFileReference; fileEncoding = 4; lastKnownFileType = sourcecode.swift; path = PhoneVerificationController.swift; sourceTree = "<group>"; };
		CC6DF32B1DF71E0400534018 /* SettingsController.swift */ = {isa = PBXFileReference; fileEncoding = 4; lastKnownFileType = sourcecode.swift; path = SettingsController.swift; sourceTree = "<group>"; };
		CC6DF32E1DF75FD400534018 /* AddedMeTableViewCell.swift */ = {isa = PBXFileReference; fileEncoding = 4; lastKnownFileType = sourcecode.swift; path = AddedMeTableViewCell.swift; sourceTree = "<group>"; };
		CC6DF32F1DF75FD400534018 /* AddedMeTableViewCell.xib */ = {isa = PBXFileReference; fileEncoding = 4; lastKnownFileType = file.xib; path = AddedMeTableViewCell.xib; sourceTree = "<group>"; };
		CC6DF3321DF7685B00534018 /* AddedMeController.swift */ = {isa = PBXFileReference; fileEncoding = 4; lastKnownFileType = sourcecode.swift; path = AddedMeController.swift; sourceTree = "<group>"; };
		CC6DF3361DF8C45900534018 /* FriendService.swift */ = {isa = PBXFileReference; fileEncoding = 4; lastKnownFileType = sourcecode.swift; path = FriendService.swift; sourceTree = "<group>"; };
		CC6DF3381DF8FC2700534018 /* Feeling.swift */ = {isa = PBXFileReference; fileEncoding = 4; lastKnownFileType = sourcecode.swift; path = Feeling.swift; sourceTree = "<group>"; };
		CC6DF33A1DF8FD9300534018 /* FeelingService.swift */ = {isa = PBXFileReference; fileEncoding = 4; lastKnownFileType = sourcecode.swift; path = FeelingService.swift; sourceTree = "<group>"; };
		CC6DF33C1DF9010D00534018 /* MyFriendsController.swift */ = {isa = PBXFileReference; fileEncoding = 4; lastKnownFileType = sourcecode.swift; path = MyFriendsController.swift; sourceTree = "<group>"; };
		CCB035B41DDD3CE6008F5119 /* FeelingsController.swift */ = {isa = PBXFileReference; fileEncoding = 4; lastKnownFileType = sourcecode.swift; path = FeelingsController.swift; sourceTree = "<group>"; };
		CCB035B71DDE3F84008F5119 /* User.swift */ = {isa = PBXFileReference; fileEncoding = 4; lastKnownFileType = sourcecode.swift; path = User.swift; sourceTree = "<group>"; };
		CCB035BB1DDF7850008F5119 /* UserService.swift */ = {isa = PBXFileReference; fileEncoding = 4; lastKnownFileType = sourcecode.swift; path = UserService.swift; sourceTree = "<group>"; };
		CCB035BE1DDF7991008F5119 /* Constants.swift */ = {isa = PBXFileReference; fileEncoding = 4; lastKnownFileType = sourcecode.swift; path = Constants.swift; sourceTree = "<group>"; };
		CCBFB5C81E03B90A00E53CD2 /* FeelingCardView.swift */ = {isa = PBXFileReference; fileEncoding = 4; lastKnownFileType = sourcecode.swift; path = FeelingCardView.swift; sourceTree = "<group>"; };
		CCBFB5CE1E03BA0600E53CD2 /* FeelingCardView.xib */ = {isa = PBXFileReference; fileEncoding = 4; lastKnownFileType = file.xib; path = FeelingCardView.xib; sourceTree = "<group>"; };
		CCBFB5D01E03C13700E53CD2 /* UIImageViewExtension.swift */ = {isa = PBXFileReference; fileEncoding = 4; lastKnownFileType = sourcecode.swift; path = UIImageViewExtension.swift; sourceTree = "<group>"; };
		CCC6E1A01D7A388B001890B8 /* frank-ios.app */ = {isa = PBXFileReference; explicitFileType = wrapper.application; includeInIndex = 0; path = "frank-ios.app"; sourceTree = BUILT_PRODUCTS_DIR; };
		CCC6E1A31D7A388B001890B8 /* AppDelegate.swift */ = {isa = PBXFileReference; lastKnownFileType = sourcecode.swift; path = AppDelegate.swift; sourceTree = "<group>"; };
		CCC6E1A81D7A388B001890B8 /* Base */ = {isa = PBXFileReference; lastKnownFileType = file.storyboard; name = Base; path = Base.lproj/Main.storyboard; sourceTree = "<group>"; };
		CCC6E1AA1D7A388B001890B8 /* Assets.xcassets */ = {isa = PBXFileReference; lastKnownFileType = folder.assetcatalog; path = Assets.xcassets; sourceTree = "<group>"; };
		CCC6E1AD1D7A388B001890B8 /* Base */ = {isa = PBXFileReference; lastKnownFileType = file.storyboard; name = Base; path = Base.lproj/LaunchScreen.storyboard; sourceTree = "<group>"; };
		CCC6E1AF1D7A388B001890B8 /* Info.plist */ = {isa = PBXFileReference; lastKnownFileType = text.plist.xml; path = Info.plist; sourceTree = "<group>"; };
		CCCADB3E1E034766006F534F /* StringExtension.swift */ = {isa = PBXFileReference; fileEncoding = 4; lastKnownFileType = sourcecode.swift; path = StringExtension.swift; sourceTree = "<group>"; };
		CCCADB401E03476F006F534F /* DictionaryExtension.swift */ = {isa = PBXFileReference; fileEncoding = 4; lastKnownFileType = sourcecode.swift; path = DictionaryExtension.swift; sourceTree = "<group>"; };
		CCD851A81DECF08600B810CC /* AddContactsController.swift */ = {isa = PBXFileReference; fileEncoding = 4; lastKnownFileType = sourcecode.swift; path = AddContactsController.swift; sourceTree = "<group>"; };
		CCF85D8A1DEF7E90000CDC9D /* TermsAndServicesController.swift */ = {isa = PBXFileReference; fileEncoding = 4; lastKnownFileType = sourcecode.swift; path = TermsAndServicesController.swift; sourceTree = "<group>"; };
		CD9D55A811EA3F389ECA67BB /* Pods-frank-ios.debug.xcconfig */ = {isa = PBXFileReference; includeInIndex = 1; lastKnownFileType = text.xcconfig; name = "Pods-frank-ios.debug.xcconfig"; path = "Pods/Target Support Files/Pods-frank-ios/Pods-frank-ios.debug.xcconfig"; sourceTree = "<group>"; };
		D648537A847DFDCF853FF9CA /* Pods_frank_ios.framework */ = {isa = PBXFileReference; explicitFileType = wrapper.framework; includeInIndex = 0; path = Pods_frank_ios.framework; sourceTree = BUILT_PRODUCTS_DIR; };
/* End PBXFileReference section */

/* Begin PBXFrameworksBuildPhase section */
		CCC6E19D1D7A388B001890B8 /* Frameworks */ = {
			isa = PBXFrameworksBuildPhase;
			buildActionMask = 2147483647;
			files = (
				AEB3C5F37534F8CC2E34671F /* Pods_frank_ios.framework in Frameworks */,
			);
			runOnlyForDeploymentPostprocessing = 0;
		};
/* End PBXFrameworksBuildPhase section */

/* Begin PBXGroup section */
		5092D5BCC4612DDD0DA1E853 /* Frameworks */ = {
			isa = PBXGroup;
			children = (
				D648537A847DFDCF853FF9CA /* Pods_frank_ios.framework */,
			);
			name = Frameworks;
			sourceTree = "<group>";
		};
		CC0EF6871E00B4330034DA8F /* Extensions */ = {
			isa = PBXGroup;
			children = (
				CC0EF6881E00B4450034DA8F /* Inspectables.swift */,
				CCCADB3E1E034766006F534F /* StringExtension.swift */,
				CCCADB401E03476F006F534F /* DictionaryExtension.swift */,
				CCBFB5D01E03C13700E53CD2 /* UIImageViewExtension.swift */,
			);
			name = Extensions;
			sourceTree = "<group>";
		};
		CC3765421DDBEC54006FA371 /* Login */ = {
			isa = PBXGroup;
			children = (
				CC3765471DDBFEF7006FA371 /* LoginController.swift */,
			);
			name = Login;
			sourceTree = "<group>";
		};
		CC3765441DDBED4D006FA371 /* Sign-Up */ = {
			isa = PBXGroup;
			children = (
				CC3765491DDC0C46006FA371 /* PhoneVerificationController.swift */,
				CCF85D8A1DEF7E90000CDC9D /* TermsAndServicesController.swift */,
				CCD851A81DECF08600B810CC /* AddContactsController.swift */,
			);
			name = "Sign-Up";
			sourceTree = "<group>";
		};
		CC6DF32A1DF71DC700534018 /* Settings */ = {
			isa = PBXGroup;
			children = (
				CC6DF32B1DF71E0400534018 /* SettingsController.swift */,
				CC6DF3321DF7685B00534018 /* AddedMeController.swift */,
				CC6DF33C1DF9010D00534018 /* MyFriendsController.swift */,
			);
			name = Settings;
			sourceTree = "<group>";
		};
		CC6DF32D1DF75F9700534018 /* Settings */ = {
			isa = PBXGroup;
			children = (
				CC6DF32E1DF75FD400534018 /* AddedMeTableViewCell.swift */,
				CC6DF32F1DF75FD400534018 /* AddedMeTableViewCell.xib */,
			);
			name = Settings;
			sourceTree = "<group>";
		};
		CCB035B31DDD3CD3008F5119 /* Feelings */ = {
			isa = PBXGroup;
			children = (
				CCB035B41DDD3CE6008F5119 /* FeelingsController.swift */,
				CC0EF6841E00AD030034DA8F /* CreateFeelingController.swift */,
			);
			name = Feelings;
			sourceTree = "<group>";
		};
		CCB035B61DDE3F55008F5119 /* Models */ = {
			isa = PBXGroup;
			children = (
				CCB035B71DDE3F84008F5119 /* User.swift */,
				CC08D9201DF0E6A200681E9D /* FriendRequest.swift */,
				CC6DF3381DF8FC2700534018 /* Feeling.swift */,
			);
			name = Models;
			sourceTree = "<group>";
		};
		CCB035B91DDE48F1008F5119 /* Controllers */ = {
			isa = PBXGroup;
			children = (
				CC6DF32A1DF71DC700534018 /* Settings */,
				CCB035B31DDD3CD3008F5119 /* Feelings */,
				CC3765441DDBED4D006FA371 /* Sign-Up */,
				CC3765421DDBEC54006FA371 /* Login */,
			);
			name = Controllers;
			sourceTree = "<group>";
		};
		CCB035BA1DDF7834008F5119 /* Services */ = {
			isa = PBXGroup;
			children = (
				CCB035BB1DDF7850008F5119 /* UserService.swift */,
				CC08D9221DF2297A00681E9D /* FriendRequestService.swift */,
				CC6DF3361DF8C45900534018 /* FriendService.swift */,
				CC6DF33A1DF8FD9300534018 /* FeelingService.swift */,
			);
			name = Services;
			sourceTree = "<group>";
		};
		CCBFB5C71E03B8E200E53CD2 /* Feelings */ = {
			isa = PBXGroup;
			children = (
				CCBFB5C81E03B90A00E53CD2 /* FeelingCardView.swift */,
				CCBFB5CE1E03BA0600E53CD2 /* FeelingCardView.xib */,
			);
			name = Feelings;
			sourceTree = "<group>";
		};
		CCC6E1971D7A388B001890B8 = {
			isa = PBXGroup;
			children = (
				CC239DCB1DC93C0000C29DAC /* Bridging-Header.h */,
				CCC6E1A21D7A388B001890B8 /* frank-ios */,
				CCC6E1A11D7A388B001890B8 /* Products */,
				D2BEB972B5E39E2013C69E3A /* Pods */,
				5092D5BCC4612DDD0DA1E853 /* Frameworks */,
			);
			sourceTree = "<group>";
		};
		CCC6E1A11D7A388B001890B8 /* Products */ = {
			isa = PBXGroup;
			children = (
				CCC6E1A01D7A388B001890B8 /* frank-ios.app */,
			);
			name = Products;
			sourceTree = "<group>";
		};
		CCC6E1A21D7A388B001890B8 /* frank-ios */ = {
			isa = PBXGroup;
			children = (
				CC0EF6871E00B4330034DA8F /* Extensions */,
				CCB035BA1DDF7834008F5119 /* Services */,
				CCF1C71F1DEE8D890055D4AE /* Views */,
				CCB035B61DDE3F55008F5119 /* Models */,
				CCB035B91DDE48F1008F5119 /* Controllers */,
				CCC6E1A31D7A388B001890B8 /* AppDelegate.swift */,
				CCB035BE1DDF7991008F5119 /* Constants.swift */,
				CC08D9241DF24F8000681E9D /* Utilities.swift */,
				CCC6E1A71D7A388B001890B8 /* Main.storyboard */,
				CCC6E1AA1D7A388B001890B8 /* Assets.xcassets */,
				CCC6E1AC1D7A388B001890B8 /* LaunchScreen.storyboard */,
				CCC6E1AF1D7A388B001890B8 /* Info.plist */,
			);
			path = "frank-ios";
			sourceTree = "<group>";
		};
		CCF1C71F1DEE8D890055D4AE /* Views */ = {
			isa = PBXGroup;
			children = (
				CCBFB5C71E03B8E200E53CD2 /* Feelings */,
				CC6DF32D1DF75F9700534018 /* Settings */,
				CCF1C7241DEE8F5B0055D4AE /* Sign-Up */,
			);
			name = Views;
			sourceTree = "<group>";
		};
		CCF1C7241DEE8F5B0055D4AE /* Sign-Up */ = {
			isa = PBXGroup;
			children = (
				CC08D91A1DEFA7C500681E9D /* AddContactsTableViewCell.swift */,
				CC08D91B1DEFA7C500681E9D /* AddContactsTableViewCell.xib */,
			);
			name = "Sign-Up";
			sourceTree = "<group>";
		};
		D2BEB972B5E39E2013C69E3A /* Pods */ = {
			isa = PBXGroup;
			children = (
				CD9D55A811EA3F389ECA67BB /* Pods-frank-ios.debug.xcconfig */,
				059B86BEBB779060445D6DBE /* Pods-frank-ios.release.xcconfig */,
			);
			name = Pods;
			sourceTree = "<group>";
		};
/* End PBXGroup section */

/* Begin PBXNativeTarget section */
		CCC6E19F1D7A388B001890B8 /* frank-ios */ = {
			isa = PBXNativeTarget;
			buildConfigurationList = CCC6E1B21D7A388B001890B8 /* Build configuration list for PBXNativeTarget "frank-ios" */;
			buildPhases = (
				989E0BDEE1033FB07B60C446 /* [CP] Check Pods Manifest.lock */,
				CCC6E19C1D7A388B001890B8 /* Sources */,
				CCC6E19D1D7A388B001890B8 /* Frameworks */,
				CCC6E19E1D7A388B001890B8 /* Resources */,
				89C0E06D1C0C18E18AC9E619 /* [CP] Embed Pods Frameworks */,
				3F25BB0705A28882FFA215F6 /* [CP] Copy Pods Resources */,
			);
			buildRules = (
			);
			dependencies = (
			);
			name = "frank-ios";
			productName = "frank-ios";
			productReference = CCC6E1A01D7A388B001890B8 /* frank-ios.app */;
			productType = "com.apple.product-type.application";
		};
/* End PBXNativeTarget section */

/* Begin PBXProject section */
		CCC6E1981D7A388B001890B8 /* Project object */ = {
			isa = PBXProject;
			attributes = {
				LastSwiftUpdateCheck = 0730;
				LastUpgradeCheck = 0810;
				ORGANIZATIONNAME = jeanpaulversace;
				TargetAttributes = {
					CCC6E19F1D7A388B001890B8 = {
						CreatedOnToolsVersion = 7.3.1;
						DevelopmentTeam = 4P35CD97Y8;
						LastSwiftMigration = 0800;
					};
				};
			};
			buildConfigurationList = CCC6E19B1D7A388B001890B8 /* Build configuration list for PBXProject "frank-ios" */;
			compatibilityVersion = "Xcode 3.2";
			developmentRegion = English;
			hasScannedForEncodings = 0;
			knownRegions = (
				en,
				Base,
			);
			mainGroup = CCC6E1971D7A388B001890B8;
			productRefGroup = CCC6E1A11D7A388B001890B8 /* Products */;
			projectDirPath = "";
			projectRoot = "";
			targets = (
				CCC6E19F1D7A388B001890B8 /* frank-ios */,
			);
		};
/* End PBXProject section */

/* Begin PBXResourcesBuildPhase section */
		CCC6E19E1D7A388B001890B8 /* Resources */ = {
			isa = PBXResourcesBuildPhase;
			buildActionMask = 2147483647;
			files = (
				CC08D91D1DEFA7C500681E9D /* AddContactsTableViewCell.xib in Resources */,
				CCBFB5CF1E03BA0600E53CD2 /* FeelingCardView.xib in Resources */,
				CCC6E1AE1D7A388B001890B8 /* LaunchScreen.storyboard in Resources */,
				CCC6E1AB1D7A388B001890B8 /* Assets.xcassets in Resources */,
				CC6DF3311DF75FD400534018 /* AddedMeTableViewCell.xib in Resources */,
				CCC6E1A91D7A388B001890B8 /* Main.storyboard in Resources */,
			);
			runOnlyForDeploymentPostprocessing = 0;
		};
/* End PBXResourcesBuildPhase section */

/* Begin PBXShellScriptBuildPhase section */
		3F25BB0705A28882FFA215F6 /* [CP] Copy Pods Resources */ = {
			isa = PBXShellScriptBuildPhase;
			buildActionMask = 2147483647;
			files = (
			);
			inputPaths = (
			);
			name = "[CP] Copy Pods Resources";
			outputPaths = (
			);
			runOnlyForDeploymentPostprocessing = 0;
			shellPath = /bin/sh;
			shellScript = "\"${SRCROOT}/Pods/Target Support Files/Pods-frank-ios/Pods-frank-ios-resources.sh\"\n";
			showEnvVarsInLog = 0;
		};
		89C0E06D1C0C18E18AC9E619 /* [CP] Embed Pods Frameworks */ = {
			isa = PBXShellScriptBuildPhase;
			buildActionMask = 2147483647;
			files = (
			);
			inputPaths = (
			);
			name = "[CP] Embed Pods Frameworks";
			outputPaths = (
			);
			runOnlyForDeploymentPostprocessing = 0;
			shellPath = /bin/sh;
			shellScript = "\"${SRCROOT}/Pods/Target Support Files/Pods-frank-ios/Pods-frank-ios-frameworks.sh\"\n";
			showEnvVarsInLog = 0;
		};
		989E0BDEE1033FB07B60C446 /* [CP] Check Pods Manifest.lock */ = {
			isa = PBXShellScriptBuildPhase;
			buildActionMask = 2147483647;
			files = (
			);
			inputPaths = (
			);
			name = "[CP] Check Pods Manifest.lock";
			outputPaths = (
			);
			runOnlyForDeploymentPostprocessing = 0;
			shellPath = /bin/sh;
			shellScript = "diff \"${PODS_ROOT}/../Podfile.lock\" \"${PODS_ROOT}/Manifest.lock\" > /dev/null\nif [[ $? != 0 ]] ; then\n    cat << EOM\nerror: The sandbox is not in sync with the Podfile.lock. Run 'pod install' or update your CocoaPods installation.\nEOM\n    exit 1\nfi\n";
			showEnvVarsInLog = 0;
		};
/* End PBXShellScriptBuildPhase section */

/* Begin PBXSourcesBuildPhase section */
		CCC6E19C1D7A388B001890B8 /* Sources */ = {
			isa = PBXSourcesBuildPhase;
			buildActionMask = 2147483647;
			files = (
				CC6DF3391DF8FC2700534018 /* Feeling.swift in Sources */,
				CC37654A1DDC0C46006FA371 /* PhoneVerificationController.swift in Sources */,
				CC6DF33B1DF8FD9300534018 /* FeelingService.swift in Sources */,
				CC6DF3331DF7685B00534018 /* AddedMeController.swift in Sources */,
				CC0EF6891E00B4450034DA8F /* Inspectables.swift in Sources */,
				CC3765481DDBFEF7006FA371 /* LoginController.swift in Sources */,
				CC08D9211DF0E6A200681E9D /* FriendRequest.swift in Sources */,
				CC6DF3301DF75FD400534018 /* AddedMeTableViewCell.swift in Sources */,
				CC08D91C1DEFA7C500681E9D /* AddContactsTableViewCell.swift in Sources */,
				CC08D9251DF24F8000681E9D /* Utilities.swift in Sources */,
				CCBFB5C91E03B90A00E53CD2 /* FeelingCardView.swift in Sources */,
				CC6DF3371DF8C45900534018 /* FriendService.swift in Sources */,
				CCF85D8B1DEF7E90000CDC9D /* TermsAndServicesController.swift in Sources */,
				CC0EF6851E00AD030034DA8F /* CreateFeelingController.swift in Sources */,
				CCB035B51DDD3CE6008F5119 /* FeelingsController.swift in Sources */,
				CCB035BF1DDF7991008F5119 /* Constants.swift in Sources */,
				CCCADB411E03476F006F534F /* DictionaryExtension.swift in Sources */,
				CCB035BC1DDF7850008F5119 /* UserService.swift in Sources */,
				CCD851A91DECF08600B810CC /* AddContactsController.swift in Sources */,
				CC6DF32C1DF71E0400534018 /* SettingsController.swift in Sources */,
				CCB035B81DDE3F84008F5119 /* User.swift in Sources */,
				CC6DF33D1DF9010D00534018 /* MyFriendsController.swift in Sources */,
				CCC6E1A41D7A388B001890B8 /* AppDelegate.swift in Sources */,
				CCCADB3F1E034766006F534F /* StringExtension.swift in Sources */,
				CCBFB5D11E03C13700E53CD2 /* UIImageViewExtension.swift in Sources */,
				CC08D9231DF2297A00681E9D /* FriendRequestService.swift in Sources */,
			);
			runOnlyForDeploymentPostprocessing = 0;
		};
/* End PBXSourcesBuildPhase section */

/* Begin PBXVariantGroup section */
		CCC6E1A71D7A388B001890B8 /* Main.storyboard */ = {
			isa = PBXVariantGroup;
			children = (
				CCC6E1A81D7A388B001890B8 /* Base */,
			);
			name = Main.storyboard;
			sourceTree = "<group>";
		};
		CCC6E1AC1D7A388B001890B8 /* LaunchScreen.storyboard */ = {
			isa = PBXVariantGroup;
			children = (
				CCC6E1AD1D7A388B001890B8 /* Base */,
			);
			name = LaunchScreen.storyboard;
			sourceTree = "<group>";
		};
/* End PBXVariantGroup section */

/* Begin XCBuildConfiguration section */
		CCC6E1B01D7A388B001890B8 /* Debug */ = {
			isa = XCBuildConfiguration;
			buildSettings = {
				ALWAYS_SEARCH_USER_PATHS = NO;
				CLANG_ANALYZER_NONNULL = YES;
				CLANG_CXX_LANGUAGE_STANDARD = "gnu++0x";
				CLANG_CXX_LIBRARY = "libc++";
				CLANG_ENABLE_MODULES = YES;
				CLANG_ENABLE_OBJC_ARC = YES;
				CLANG_WARN_BOOL_CONVERSION = YES;
				CLANG_WARN_CONSTANT_CONVERSION = YES;
				CLANG_WARN_DIRECT_OBJC_ISA_USAGE = YES_ERROR;
				CLANG_WARN_EMPTY_BODY = YES;
				CLANG_WARN_ENUM_CONVERSION = YES;
				CLANG_WARN_INFINITE_RECURSION = YES;
				CLANG_WARN_INT_CONVERSION = YES;
				CLANG_WARN_OBJC_ROOT_CLASS = YES_ERROR;
				CLANG_WARN_SUSPICIOUS_MOVE = YES;
				CLANG_WARN_UNREACHABLE_CODE = YES;
				CLANG_WARN__DUPLICATE_METHOD_MATCH = YES;
				CODE_SIGN_IDENTITY = "iPhone Developer";
				"CODE_SIGN_IDENTITY[sdk=iphoneos*]" = "iPhone Developer";
				COPY_PHASE_STRIP = NO;
				DEBUG_INFORMATION_FORMAT = dwarf;
				DEVELOPMENT_TEAM = 4P35CD97Y8;
				ENABLE_STRICT_OBJC_MSGSEND = YES;
				ENABLE_TESTABILITY = YES;
				GCC_C_LANGUAGE_STANDARD = gnu99;
				GCC_DYNAMIC_NO_PIC = NO;
				GCC_NO_COMMON_BLOCKS = YES;
				GCC_OPTIMIZATION_LEVEL = 0;
				GCC_PREPROCESSOR_DEFINITIONS = (
					"DEBUG=1",
					"$(inherited)",
				);
				GCC_WARN_64_TO_32_BIT_CONVERSION = YES;
				GCC_WARN_ABOUT_RETURN_TYPE = YES_ERROR;
				GCC_WARN_UNDECLARED_SELECTOR = YES;
				GCC_WARN_UNINITIALIZED_AUTOS = YES_AGGRESSIVE;
				GCC_WARN_UNUSED_FUNCTION = YES;
				GCC_WARN_UNUSED_VARIABLE = YES;
				IPHONEOS_DEPLOYMENT_TARGET = 10.0;
				MTL_ENABLE_DEBUG_INFO = YES;
				ONLY_ACTIVE_ARCH = YES;
				SDKROOT = iphoneos;
				SWIFT_OBJC_BRIDGING_HEADER = "Bridging-Header.h";
				SWIFT_OPTIMIZATION_LEVEL = "-Onone";
			};
			name = Debug;
		};
		CCC6E1B11D7A388B001890B8 /* Release */ = {
			isa = XCBuildConfiguration;
			buildSettings = {
				ALWAYS_SEARCH_USER_PATHS = NO;
				CLANG_ANALYZER_NONNULL = YES;
				CLANG_CXX_LANGUAGE_STANDARD = "gnu++0x";
				CLANG_CXX_LIBRARY = "libc++";
				CLANG_ENABLE_MODULES = YES;
				CLANG_ENABLE_OBJC_ARC = YES;
				CLANG_WARN_BOOL_CONVERSION = YES;
				CLANG_WARN_CONSTANT_CONVERSION = YES;
				CLANG_WARN_DIRECT_OBJC_ISA_USAGE = YES_ERROR;
				CLANG_WARN_EMPTY_BODY = YES;
				CLANG_WARN_ENUM_CONVERSION = YES;
				CLANG_WARN_INFINITE_RECURSION = YES;
				CLANG_WARN_INT_CONVERSION = YES;
				CLANG_WARN_OBJC_ROOT_CLASS = YES_ERROR;
				CLANG_WARN_SUSPICIOUS_MOVE = YES;
				CLANG_WARN_UNREACHABLE_CODE = YES;
				CLANG_WARN__DUPLICATE_METHOD_MATCH = YES;
				CODE_SIGN_IDENTITY = "iPhone Developer";
				"CODE_SIGN_IDENTITY[sdk=iphoneos*]" = "iPhone Developer";
				COPY_PHASE_STRIP = NO;
				DEBUG_INFORMATION_FORMAT = "dwarf-with-dsym";
				DEVELOPMENT_TEAM = 4P35CD97Y8;
				ENABLE_NS_ASSERTIONS = NO;
				ENABLE_STRICT_OBJC_MSGSEND = YES;
				GCC_C_LANGUAGE_STANDARD = gnu99;
				GCC_NO_COMMON_BLOCKS = YES;
				GCC_WARN_64_TO_32_BIT_CONVERSION = YES;
				GCC_WARN_ABOUT_RETURN_TYPE = YES_ERROR;
				GCC_WARN_UNDECLARED_SELECTOR = YES;
				GCC_WARN_UNINITIALIZED_AUTOS = YES_AGGRESSIVE;
				GCC_WARN_UNUSED_FUNCTION = YES;
				GCC_WARN_UNUSED_VARIABLE = YES;
				IPHONEOS_DEPLOYMENT_TARGET = 10.0;
				MTL_ENABLE_DEBUG_INFO = NO;
				SDKROOT = iphoneos;
				SWIFT_OBJC_BRIDGING_HEADER = "Bridging-Header.h";
				SWIFT_OPTIMIZATION_LEVEL = "-Owholemodule";
				VALIDATE_PRODUCT = YES;
			};
			name = Release;
		};
		CCC6E1B31D7A388B001890B8 /* Debug */ = {
			isa = XCBuildConfiguration;
			baseConfigurationReference = CD9D55A811EA3F389ECA67BB /* Pods-frank-ios.debug.xcconfig */;
			buildSettings = {
				ALWAYS_EMBED_SWIFT_STANDARD_LIBRARIES = YES;
				ASSETCATALOG_COMPILER_APPICON_NAME = AppIcon;
				INFOPLIST_FILE = "frank-ios/Info.plist";
				LD_RUNPATH_SEARCH_PATHS = "$(inherited) @executable_path/Frameworks";
				PRODUCT_BUNDLE_IDENTIFIER = "c.jeanpaulverace.frank-ios";
				PRODUCT_NAME = "$(TARGET_NAME)";
				SWIFT_VERSION = 3.0;
			};
			name = Debug;
		};
		CCC6E1B41D7A388B001890B8 /* Release */ = {
			isa = XCBuildConfiguration;
			baseConfigurationReference = 059B86BEBB779060445D6DBE /* Pods-frank-ios.release.xcconfig */;
			buildSettings = {
				ALWAYS_EMBED_SWIFT_STANDARD_LIBRARIES = YES;
				ASSETCATALOG_COMPILER_APPICON_NAME = AppIcon;
				INFOPLIST_FILE = "frank-ios/Info.plist";
				LD_RUNPATH_SEARCH_PATHS = "$(inherited) @executable_path/Frameworks";
				PRODUCT_BUNDLE_IDENTIFIER = "c.jeanpaulverace.frank-ios";
				PRODUCT_NAME = "$(TARGET_NAME)";
				SWIFT_VERSION = 3.0;
			};
			name = Release;
		};
/* End XCBuildConfiguration section */

/* Begin XCConfigurationList section */
		CCC6E19B1D7A388B001890B8 /* Build configuration list for PBXProject "frank-ios" */ = {
			isa = XCConfigurationList;
			buildConfigurations = (
				CCC6E1B01D7A388B001890B8 /* Debug */,
				CCC6E1B11D7A388B001890B8 /* Release */,
			);
			defaultConfigurationIsVisible = 0;
			defaultConfigurationName = Release;
		};
		CCC6E1B21D7A388B001890B8 /* Build configuration list for PBXNativeTarget "frank-ios" */ = {
			isa = XCConfigurationList;
			buildConfigurations = (
				CCC6E1B31D7A388B001890B8 /* Debug */,
				CCC6E1B41D7A388B001890B8 /* Release */,
			);
			defaultConfigurationIsVisible = 0;
			defaultConfigurationName = Release;
		};
/* End XCConfigurationList section */
	};
	rootObject = CCC6E1981D7A388B001890B8 /* Project object */;
}
