// !$*UTF8*$!
{
	archiveVersion = 1;
	classes = {
	};
	objectVersion = 46;
	objects = {

/* Begin PBXBuildFile section */
		CCC6E1A41D7A388B001890B8 /* AppDelegate.swift in Sources */ = {isa = PBXBuildFile; fileRef = CCC6E1A31D7A388B001890B8 /* AppDelegate.swift */; };
		CCC6E1A61D7A388B001890B8 /* ViewController.swift in Sources */ = {isa = PBXBuildFile; fileRef = CCC6E1A51D7A388B001890B8 /* ViewController.swift */; };
		CCC6E1A91D7A388B001890B8 /* Main.storyboard in Resources */ = {isa = PBXBuildFile; fileRef = CCC6E1A71D7A388B001890B8 /* Main.storyboard */; };
		CCC6E1AB1D7A388B001890B8 /* Assets.xcassets in Resources */ = {isa = PBXBuildFile; fileRef = CCC6E1AA1D7A388B001890B8 /* Assets.xcassets */; };
		CCC6E1AE1D7A388B001890B8 /* LaunchScreen.storyboard in Resources */ = {isa = PBXBuildFile; fileRef = CCC6E1AC1D7A388B001890B8 /* LaunchScreen.storyboard */; };
/* End PBXBuildFile section */

/* Begin PBXFileReference section */
		CCC6E1A01D7A388B001890B8 /* frank-ios.app */ = {isa = PBXFileReference; explicitFileType = wrapper.application; includeInIndex = 0; path = "frank-ios.app"; sourceTree = BUILT_PRODUCTS_DIR; };
		CCC6E1A31D7A388B001890B8 /* AppDelegate.swift */ = {isa = PBXFileReference; lastKnownFileType = sourcecode.swift; path = AppDelegate.swift; sourceTree = "<group>"; };
		CCC6E1A51D7A388B001890B8 /* ViewController.swift */ = {isa = PBXFileReference; lastKnownFileType = sourcecode.swift; path = ViewController.swift; sourceTree = "<group>"; };
		CCC6E1A81D7A388B001890B8 /* Base */ = {isa = PBXFileReference; lastKnownFileType = file.storyboard; name = Base; path = Base.lproj/Main.storyboard; sourceTree = "<group>"; };
		CCC6E1AA1D7A388B001890B8 /* Assets.xcassets */ = {isa = PBXFileReference; lastKnownFileType = folder.assetcatalog; path = Assets.xcassets; sourceTree = "<group>"; };
		CCC6E1AD1D7A388B001890B8 /* Base */ = {isa = PBXFileReference; lastKnownFileType = file.storyboard; name = Base; path = Base.lproj/LaunchScreen.storyboard; sourceTree = "<group>"; };
		CCC6E1AF1D7A388B001890B8 /* Info.plist */ = {isa = PBXFileReference; lastKnownFileType = text.plist.xml; path = Info.plist; sourceTree = "<group>"; };
/* End PBXFileReference section */

/* Begin PBXFrameworksBuildPhase section */
		CCC6E19D1D7A388B001890B8 /* Frameworks */ = {
			isa = PBXFrameworksBuildPhase;
			buildActionMask = 2147483647;
			files = (
			);
			runOnlyForDeploymentPostprocessing = 0;
		};
/* End PBXFrameworksBuildPhase section */

/* Begin PBXGroup section */
		CCC6E1971D7A388B001890B8 = {
			isa = PBXGroup;
			children = (
				CCC6E1A21D7A388B001890B8 /* frank-ios */,
				CCC6E1A11D7A388B001890B8 /* Products */,
			);
			sourceTree = "<group>";
		};
		CCC6E1A11D7A388B001890B8 /* Products */ = {
			isa = PBXGroup;
			children = (
				CCC6E1A01D7A388B001890B8 /* frank-ios.app */,
			);
			name = Products;
			sourceTree = "<group>";
		};
		CCC6E1A21D7A388B001890B8 /* frank-ios */ = {
			isa = PBXGroup;
			children = (
				CCC6E1A31D7A388B001890B8 /* AppDelegate.swift */,
				CCC6E1A51D7A388B001890B8 /* ViewController.swift */,
				CCC6E1A71D7A388B001890B8 /* Main.storyboard */,
				CCC6E1AA1D7A388B001890B8 /* Assets.xcassets */,
				CCC6E1AC1D7A388B001890B8 /* LaunchScreen.storyboard */,
				CCC6E1AF1D7A388B001890B8 /* Info.plist */,
			);
			path = "frank-ios";
			sourceTree = "<group>";
		};
/* End PBXGroup section */

/* Begin PBXNativeTarget section */
		CCC6E19F1D7A388B001890B8 /* frank-ios */ = {
			isa = PBXNativeTarget;
			buildConfigurationList = CCC6E1B21D7A388B001890B8 /* Build configuration list for PBXNativeTarget "frank-ios" */;
			buildPhases = (
				CCC6E19C1D7A388B001890B8 /* Sources */,
				CCC6E19D1D7A388B001890B8 /* Frameworks */,
				CCC6E19E1D7A388B001890B8 /* Resources */,
			);
			buildRules = (
			);
			dependencies = (
			);
			name = "frank-ios";
			productName = "frank-ios";
			productReference = CCC6E1A01D7A388B001890B8 /* frank-ios.app */;
			productType = "com.apple.product-type.application";
		};
/* End PBXNativeTarget section */

/* Begin PBXProject section */
		CCC6E1981D7A388B001890B8 /* Project object */ = {
			isa = PBXProject;
			attributes = {
				LastSwiftUpdateCheck = 0730;
				LastUpgradeCheck = 0730;
				ORGANIZATIONNAME = jeanpaulversace;
				TargetAttributes = {
					CCC6E19F1D7A388B001890B8 = {
						CreatedOnToolsVersion = 7.3.1;
					};
				};
			};
			buildConfigurationList = CCC6E19B1D7A388B001890B8 /* Build configuration list for PBXProject "frank-ios" */;
			compatibilityVersion = "Xcode 3.2";
			developmentRegion = English;
			hasScannedForEncodings = 0;
			knownRegions = (
				en,
				Base,
			);
			mainGroup = CCC6E1971D7A388B001890B8;
			productRefGroup = CCC6E1A11D7A388B001890B8 /* Products */;
			projectDirPath = "";
			projectRoot = "";
			targets = (
				CCC6E19F1D7A388B001890B8 /* frank-ios */,
			);
		};
/* End PBXProject section */

/* Begin PBXResourcesBuildPhase section */
		CCC6E19E1D7A388B001890B8 /* Resources */ = {
			isa = PBXResourcesBuildPhase;
			buildActionMask = 2147483647;
			files = (
				CCC6E1AE1D7A388B001890B8 /* LaunchScreen.storyboard in Resources */,
				CCC6E1AB1D7A388B001890B8 /* Assets.xcassets in Resources */,
				CCC6E1A91D7A388B001890B8 /* Main.storyboard in Resources */,
			);
			runOnlyForDeploymentPostprocessing = 0;
		};
/* End PBXResourcesBuildPhase section */

/* Begin PBXSourcesBuildPhase section */
		CCC6E19C1D7A388B001890B8 /* Sources */ = {
			isa = PBXSourcesBuildPhase;
			buildActionMask = 2147483647;
			files = (
				CCC6E1A61D7A388B001890B8 /* ViewController.swift in Sources */,
				CCC6E1A41D7A388B001890B8 /* AppDelegate.swift in Sources */,
			);
			runOnlyForDeploymentPostprocessing = 0;
		};
/* End PBXSourcesBuildPhase section */

/* Begin PBXVariantGroup section */
		CCC6E1A71D7A388B001890B8 /* Main.storyboard */ = {
			isa = PBXVariantGroup;
			children = (
				CCC6E1A81D7A388B001890B8 /* Base */,
			);
			name = Main.storyboard;
			sourceTree = "<group>";
		};
		CCC6E1AC1D7A388B001890B8 /* LaunchScreen.storyboard */ = {
			isa = PBXVariantGroup;
			children = (
				CCC6E1AD1D7A388B001890B8 /* Base */,
			);
			name = LaunchScreen.storyboard;
			sourceTree = "<group>";
		};
/* End PBXVariantGroup section */

/* Begin XCBuildConfiguration section */
		CCC6E1B01D7A388B001890B8 /* Debug */ = {
			isa = XCBuildConfiguration;
			buildSettings = {
				ALWAYS_SEARCH_USER_PATHS = NO;
				CLANG_ANALYZER_NONNULL = YES;
				CLANG_CXX_LANGUAGE_STANDARD = "gnu++0x";
				CLANG_CXX_LIBRARY = "libc++";
				CLANG_ENABLE_MODULES = YES;
				CLANG_ENABLE_OBJC_ARC = YES;
				CLANG_WARN_BOOL_CONVERSION = YES;
				CLANG_WARN_CONSTANT_CONVERSION = YES;
				CLANG_WARN_DIRECT_OBJC_ISA_USAGE = YES_ERROR;
				CLANG_WARN_EMPTY_BODY = YES;
				CLANG_WARN_ENUM_CONVERSION = YES;
				CLANG_WARN_INT_CONVERSION = YES;
				CLANG_WARN_OBJC_ROOT_CLASS = YES_ERROR;
				CLANG_WARN_UNREACHABLE_CODE = YES;
				CLANG_WARN__DUPLICATE_METHOD_MATCH = YES;
				"CODE_SIGN_IDENTITY[sdk=iphoneos*]" = "iPhone Developer";
				COPY_PHASE_STRIP = NO;
				DEBUG_INFORMATION_FORMAT = dwarf;
				ENABLE_STRICT_OBJC_MSGSEND = YES;
				ENABLE_TESTABILITY = YES;
				GCC_C_LANGUAGE_STANDARD = gnu99;
				GCC_DYNAMIC_NO_PIC = NO;
				GCC_NO_COMMON_BLOCKS = YES;
				GCC_OPTIMIZATION_LEVEL = 0;
				GCC_PREPROCESSOR_DEFINITIONS = (
					"DEBUG=1",
					"$(inherited)",
				);
				GCC_WARN_64_TO_32_BIT_CONVERSION = YES;
				GCC_WARN_ABOUT_RETURN_TYPE = YES_ERROR;
				GCC_WARN_UNDECLARED_SELECTOR = YES;
				GCC_WARN_UNINITIALIZED_AUTOS = YES_AGGRESSIVE;
				GCC_WARN_UNUSED_FUNCTION = YES;
				GCC_WARN_UNUSED_VARIABLE = YES;
				IPHONEOS_DEPLOYMENT_TARGET = 9.3;
				MTL_ENABLE_DEBUG_INFO = YES;
				ONLY_ACTIVE_ARCH = YES;
				SDKROOT = iphoneos;
				SWIFT_OPTIMIZATION_LEVEL = "-Onone";
			};
			name = Debug;
		};
		CCC6E1B11D7A388B001890B8 /* Release */ = {
			isa = XCBuildConfiguration;
			buildSettings = {
				ALWAYS_SEARCH_USER_PATHS = NO;
				CLANG_ANALYZER_NONNULL = YES;
				CLANG_CXX_LANGUAGE_STANDARD = "gnu++0x";
				CLANG_CXX_LIBRARY = "libc++";
				CLANG_ENABLE_MODULES = YES;
				CLANG_ENABLE_OBJC_ARC = YES;
				CLANG_WARN_BOOL_CONVERSION = YES;
				CLANG_WARN_CONSTANT_CONVERSION = YES;
				CLANG_WARN_DIRECT_OBJC_ISA_USAGE = YES_ERROR;
				CLANG_WARN_EMPTY_BODY = YES;
				CLANG_WARN_ENUM_CONVERSION = YES;
				CLANG_WARN_INT_CONVERSION = YES;
				CLANG_WARN_OBJC_ROOT_CLASS = YES_ERROR;
				CLANG_WARN_UNREACHABLE_CODE = YES;
				CLANG_WARN__DUPLICATE_METHOD_MATCH = YES;
				"CODE_SIGN_IDENTITY[sdk=iphoneos*]" = "iPhone Developer";
				COPY_PHASE_STRIP = NO;
				DEBUG_INFORMATION_FORMAT = "dwarf-with-dsym";
				ENABLE_NS_ASSERTIONS = NO;
				ENABLE_STRICT_OBJC_MSGSEND = YES;
				GCC_C_LANGUAGE_STANDARD = gnu99;
				GCC_NO_COMMON_BLOCKS = YES;
				GCC_WARN_64_TO_32_BIT_CONVERSION = YES;
				GCC_WARN_ABOUT_RETURN_TYPE = YES_ERROR;
				GCC_WARN_UNDECLARED_SELECTOR = YES;
				GCC_WARN_UNINITIALIZED_AUTOS = YES_AGGRESSIVE;
				GCC_WARN_UNUSED_FUNCTION = YES;
				GCC_WARN_UNUSED_VARIABLE = YES;
				IPHONEOS_DEPLOYMENT_TARGET = 9.3;
				MTL_ENABLE_DEBUG_INFO = NO;
				SDKROOT = iphoneos;
				VALIDATE_PRODUCT = YES;
			};
			name = Release;
		};
		CCC6E1B31D7A388B001890B8 /* Debug */ = {
			isa = XCBuildConfiguration;
			buildSettings = {
				ASSETCATALOG_COMPILER_APPICON_NAME = AppIcon;
				INFOPLIST_FILE = "frank-ios/Info.plist";
				LD_RUNPATH_SEARCH_PATHS = "$(inherited) @executable_path/Frameworks";
				PRODUCT_BUNDLE_IDENTIFIER = "c.jeanpaulverace.frank-ios";
				PRODUCT_NAME = "$(TARGET_NAME)";
			};
			name = Debug;
		};
		CCC6E1B41D7A388B001890B8 /* Release */ = {
			isa = XCBuildConfiguration;
			buildSettings = {
				ASSETCATALOG_COMPILER_APPICON_NAME = AppIcon;
				INFOPLIST_FILE = "frank-ios/Info.plist";
				LD_RUNPATH_SEARCH_PATHS = "$(inherited) @executable_path/Frameworks";
				PRODUCT_BUNDLE_IDENTIFIER = "c.jeanpaulverace.frank-ios";
				PRODUCT_NAME = "$(TARGET_NAME)";
			};
			name = Release;
		};
/* End XCBuildConfiguration section */

/* Begin XCConfigurationList section */
		CCC6E19B1D7A388B001890B8 /* Build configuration list for PBXProject "frank-ios" */ = {
			isa = XCConfigurationList;
			buildConfigurations = (
				CCC6E1B01D7A388B001890B8 /* Debug */,
				CCC6E1B11D7A388B001890B8 /* Release */,
			);
			defaultConfigurationIsVisible = 0;
			defaultConfigurationName = Release;
		};
		CCC6E1B21D7A388B001890B8 /* Build configuration list for PBXNativeTarget "frank-ios" */ = {
			isa = XCConfigurationList;
			buildConfigurations = (
				CCC6E1B31D7A388B001890B8 /* Debug */,
				CCC6E1B41D7A388B001890B8 /* Release */,
			);
			defaultConfigurationIsVisible = 0;
		};
/* End XCConfigurationList section */
	};
	rootObject = CCC6E1981D7A388B001890B8 /* Project object */;
}
